
Microsoft Visual Studio Solution File, Format Version 12.00
# Visual Studio Version 17
VisualStudioVersion = 17.14.36301.6 d17.14
MinimumVisualStudioVersion = 10.0.40219.1
Project("{FAE04EC0-301F-11D3-BF4B-00C04F79EFBC}") = "LocalSharingCenterHome", "LocalSharingCenterHome\LocalSharingCenterHome.csproj", "{C8221335-2869-42EC-8F6A-20188888EC85}"
EndProject
Global
	GlobalSection(SolutionConfigurationPlatforms) = preSolution
		Debug|Any CPU = Debug|Any CPU
		Release|Any CPU = Release|Any CPU
	EndGlobalSection
	GlobalSection(ProjectConfigurationPlatforms) = postSolution
		{C8221335-2869-42EC-8F6A-20188888EC85}.Debug|Any CPU.ActiveCfg = Debug|Any CPU
		{C8221335-2869-42EC-8F6A-20188888EC85}.Debug|Any CPU.Build.0 = Debug|Any CPU
		{C8221335-2869-42EC-8F6A-20188888EC85}.Release|Any CPU.ActiveCfg = Release|Any CPU
		{C8221335-2869-42EC-8F6A-20188888EC85}.Release|Any CPU.Build.0 = Release|Any CPU
	EndGlobalSection
	GlobalSection(SolutionProperties) = preSolution
		HideSolutionNode = FALSE
	EndGlobalSection
	GlobalSection(ExtensibilityGlobals) = postSolution
		SolutionGuid = {9F80BE74-791C-4B36-A56A-AF0AB30824AA}
	EndGlobalSection
EndGlobal
